
Microsoft Visual Studio Solution File, Format Version 12.00
# Visual Studio Version 17
VisualStudioVersion = 17.0.32014.148
MinimumVisualStudioVersion = 10.0.40219.1
Project("{FAE04EC0-301F-11D3-BF4B-00C04F79EFBC}") = "People.Api", "People.Api\People.Api.csproj", "{37094935-D659-4C57-8C72-0122AEFCA74C}"
EndProject
Project("{FAE04EC0-301F-11D3-BF4B-00C04F79EFBC}") = "People.Architecture", "People.Architecture\People.Architecture.csproj", "{667101A0-548B-4196-BE4D-E40F27D45FBD}"
EndProject
Project("{FAE04EC0-301F-11D3-BF4B-00C04F79EFBC}") = "People.Tests", "People.Tests\People.Tests.csproj", "{36013371-47C6-4013-993D-CFDC15B71778}"
EndProject
Global
	GlobalSection(SolutionConfigurationPlatforms) = preSolution
		Debug|Any CPU = Debug|Any CPU
		Release|Any CPU = Release|Any CPU
	EndGlobalSection
	GlobalSection(ProjectConfigurationPlatforms) = postSolution
		{37094935-D659-4C57-8C72-0122AEFCA74C}.Debug|Any CPU.ActiveCfg = Debug|Any CPU
		{37094935-D659-4C57-8C72-0122AEFCA74C}.Debug|Any CPU.Build.0 = Debug|Any CPU
		{37094935-D659-4C57-8C72-0122AEFCA74C}.Release|Any CPU.ActiveCfg = Release|Any CPU
		{37094935-D659-4C57-8C72-0122AEFCA74C}.Release|Any CPU.Build.0 = Release|Any CPU
		{667101A0-548B-4196-BE4D-E40F27D45FBD}.Debug|Any CPU.ActiveCfg = Debug|Any CPU
		{667101A0-548B-4196-BE4D-E40F27D45FBD}.Debug|Any CPU.Build.0 = Debug|Any CPU
		{667101A0-548B-4196-BE4D-E40F27D45FBD}.Release|Any CPU.ActiveCfg = Release|Any CPU
		{667101A0-548B-4196-BE4D-E40F27D45FBD}.Release|Any CPU.Build.0 = Release|Any CPU
		{36013371-47C6-4013-993D-CFDC15B71778}.Debug|Any CPU.ActiveCfg = Debug|Any CPU
		{36013371-47C6-4013-993D-CFDC15B71778}.Debug|Any CPU.Build.0 = Debug|Any CPU
		{36013371-47C6-4013-993D-CFDC15B71778}.Release|Any CPU.ActiveCfg = Release|Any CPU
		{36013371-47C6-4013-993D-CFDC15B71778}.Release|Any CPU.Build.0 = Release|Any CPU
	EndGlobalSection
	GlobalSection(SolutionProperties) = preSolution
		HideSolutionNode = FALSE
	EndGlobalSection
	GlobalSection(ExtensibilityGlobals) = postSolution
		SolutionGuid = {52E31D44-C7C4-47F9-8723-D52E49C802CD}
	EndGlobalSection
EndGlobal
